
Microsoft Visual Studio Solution File, Format Version 12.00
# Visual Studio Version 16
VisualStudioVersion = 16.0.30611.23
MinimumVisualStudioVersion = 10.0.40219.1
Project("{FAE04EC0-301F-11D3-BF4B-00C04F79EFBC}") = "WindowsFormsApp1", "WindowsFormsApp1\WindowsFormsApp1.csproj", "{C2459BA0-EE93-4F40-BD48-13D9EB2A20EA}"
EndProject
Global
	GlobalSection(SolutionConfigurationPlatforms) = preSolution
		Debug|Any CPU = Debug|Any CPU
		Release|Any CPU = Release|Any CPU
	EndGlobalSection
	GlobalSection(ProjectConfigurationPlatforms) = postSolution
		{C2459BA0-EE93-4F40-BD48-13D9EB2A20EA}.Debug|Any CPU.ActiveCfg = Debug|Any CPU
		{C2459BA0-EE93-4F40-BD48-13D9EB2A20EA}.Debug|Any CPU.Build.0 = Debug|Any CPU
		{C2459BA0-EE93-4F40-BD48-13D9EB2A20EA}.Release|Any CPU.ActiveCfg = Release|Any CPU
		{C2459BA0-EE93-4F40-BD48-13D9EB2A20EA}.Release|Any CPU.Build.0 = Release|Any CPU
	EndGlobalSection
	GlobalSection(SolutionProperties) = preSolution
		HideSolutionNode = FALSE
	EndGlobalSection
	GlobalSection(ExtensibilityGlobals) = postSolution
		SolutionGuid = {75574496-25B3-4631-8C7C-B8DE54EA7901}
	EndGlobalSection
EndGlobal
